
Microsoft Visual Studio Solution File, Format Version 12.00
# Visual Studio Version 17
VisualStudioVersion = 17.10.35013.160
MinimumVisualStudioVersion = 10.0.40219.1
Project("{FAE04EC0-301F-11D3-BF4B-00C04F79EFBC}") = "Desafio Target - Estágio", "Desafio Target - Estágio\Desafio Target - Estágio.csproj", "{96B59F3A-11BD-4296-B670-F408E3784B15}"
EndProject
Global
	GlobalSection(SolutionConfigurationPlatforms) = preSolution
		Debug|Any CPU = Debug|Any CPU
		Release|Any CPU = Release|Any CPU
	EndGlobalSection
	GlobalSection(ProjectConfigurationPlatforms) = postSolution
		{96B59F3A-11BD-4296-B670-F408E3784B15}.Debug|Any CPU.ActiveCfg = Debug|Any CPU
		{96B59F3A-11BD-4296-B670-F408E3784B15}.Debug|Any CPU.Build.0 = Debug|Any CPU
		{96B59F3A-11BD-4296-B670-F408E3784B15}.Release|Any CPU.ActiveCfg = Release|Any CPU
		{96B59F3A-11BD-4296-B670-F408E3784B15}.Release|Any CPU.Build.0 = Release|Any CPU
	EndGlobalSection
	GlobalSection(SolutionProperties) = preSolution
		HideSolutionNode = FALSE
	EndGlobalSection
	GlobalSection(ExtensibilityGlobals) = postSolution
		SolutionGuid = {631F0F84-95EB-4197-8F86-BD69D4C04A15}
	EndGlobalSection
EndGlobal
